
Microsoft Visual Studio Solution File, Format Version 12.00
# Visual Studio 15
VisualStudioVersion = 15.0.26124.0
MinimumVisualStudioVersion = 15.0.26124.0
Project("{FAE04EC0-301F-11D3-BF4B-00C04F79EFBC}") = "Pof", "Pof\Pof.csproj", "{9789463B-39F5-42D4-82F9-FE80BC5BC426}"
EndProject
Project("{FAE04EC0-301F-11D3-BF4B-00C04F79EFBC}") = "Pof.Tests", "Pof.Tests\Pof.Tests.csproj", "{ABB95EDE-8FE3-470D-86E5-B42203E9A3C9}"
EndProject
Global
	GlobalSection(SolutionConfigurationPlatforms) = preSolution
		Debug|Any CPU = Debug|Any CPU
		Debug|x64 = Debug|x64
		Debug|x86 = Debug|x86
		Release|Any CPU = Release|Any CPU
		Release|x64 = Release|x64
		Release|x86 = Release|x86
	EndGlobalSection
	GlobalSection(SolutionProperties) = preSolution
		HideSolutionNode = FALSE
	EndGlobalSection
	GlobalSection(ProjectConfigurationPlatforms) = postSolution
		{9789463B-39F5-42D4-82F9-FE80BC5BC426}.Debug|Any CPU.ActiveCfg = Debug|Any CPU
		{9789463B-39F5-42D4-82F9-FE80BC5BC426}.Debug|Any CPU.Build.0 = Debug|Any CPU
		{9789463B-39F5-42D4-82F9-FE80BC5BC426}.Debug|x64.ActiveCfg = Debug|Any CPU
		{9789463B-39F5-42D4-82F9-FE80BC5BC426}.Debug|x64.Build.0 = Debug|Any CPU
		{9789463B-39F5-42D4-82F9-FE80BC5BC426}.Debug|x86.ActiveCfg = Debug|Any CPU
		{9789463B-39F5-42D4-82F9-FE80BC5BC426}.Debug|x86.Build.0 = Debug|Any CPU
		{9789463B-39F5-42D4-82F9-FE80BC5BC426}.Release|Any CPU.ActiveCfg = Release|Any CPU
		{9789463B-39F5-42D4-82F9-FE80BC5BC426}.Release|Any CPU.Build.0 = Release|Any CPU
		{9789463B-39F5-42D4-82F9-FE80BC5BC426}.Release|x64.ActiveCfg = Release|Any CPU
		{9789463B-39F5-42D4-82F9-FE80BC5BC426}.Release|x64.Build.0 = Release|Any CPU
		{9789463B-39F5-42D4-82F9-FE80BC5BC426}.Release|x86.ActiveCfg = Release|Any CPU
		{9789463B-39F5-42D4-82F9-FE80BC5BC426}.Release|x86.Build.0 = Release|Any CPU
		{ABB95EDE-8FE3-470D-86E5-B42203E9A3C9}.Debug|Any CPU.ActiveCfg = Debug|Any CPU
		{ABB95EDE-8FE3-470D-86E5-B42203E9A3C9}.Debug|Any CPU.Build.0 = Debug|Any CPU
		{ABB95EDE-8FE3-470D-86E5-B42203E9A3C9}.Debug|x64.ActiveCfg = Debug|Any CPU
		{ABB95EDE-8FE3-470D-86E5-B42203E9A3C9}.Debug|x64.Build.0 = Debug|Any CPU
		{ABB95EDE-8FE3-470D-86E5-B42203E9A3C9}.Debug|x86.ActiveCfg = Debug|Any CPU
		{ABB95EDE-8FE3-470D-86E5-B42203E9A3C9}.Debug|x86.Build.0 = Debug|Any CPU
		{ABB95EDE-8FE3-470D-86E5-B42203E9A3C9}.Release|Any CPU.ActiveCfg = Release|Any CPU
		{ABB95EDE-8FE3-470D-86E5-B42203E9A3C9}.Release|Any CPU.Build.0 = Release|Any CPU
		{ABB95EDE-8FE3-470D-86E5-B42203E9A3C9}.Release|x64.ActiveCfg = Release|Any CPU
		{ABB95EDE-8FE3-470D-86E5-B42203E9A3C9}.Release|x64.Build.0 = Release|Any CPU
		{ABB95EDE-8FE3-470D-86E5-B42203E9A3C9}.Release|x86.ActiveCfg = Release|Any CPU
		{ABB95EDE-8FE3-470D-86E5-B42203E9A3C9}.Release|x86.Build.0 = Release|Any CPU
	EndGlobalSection
EndGlobal
